
Microsoft Visual Studio Solution File, Format Version 12.00
# Visual Studio Version 16
VisualStudioVersion = 16.0.30804.86
MinimumVisualStudioVersion = 10.0.40219.1
Project("{FAE04EC0-301F-11D3-BF4B-00C04F79EFBC}") = "Zamger2.0", "Zamger2.0\Zamger2.0.csproj", "{16024DF7-5BF8-4D90-84ED-A8579C6E91BB}"
EndProject
Global
	GlobalSection(SolutionConfigurationPlatforms) = preSolution
		Debug|Any CPU = Debug|Any CPU
		Release|Any CPU = Release|Any CPU
	EndGlobalSection
	GlobalSection(ProjectConfigurationPlatforms) = postSolution
		{16024DF7-5BF8-4D90-84ED-A8579C6E91BB}.Debug|Any CPU.ActiveCfg = Debug|Any CPU
		{16024DF7-5BF8-4D90-84ED-A8579C6E91BB}.Debug|Any CPU.Build.0 = Debug|Any CPU
		{16024DF7-5BF8-4D90-84ED-A8579C6E91BB}.Release|Any CPU.ActiveCfg = Release|Any CPU
		{16024DF7-5BF8-4D90-84ED-A8579C6E91BB}.Release|Any CPU.Build.0 = Release|Any CPU
	EndGlobalSection
	GlobalSection(SolutionProperties) = preSolution
		HideSolutionNode = FALSE
	EndGlobalSection
	GlobalSection(ExtensibilityGlobals) = postSolution
		SolutionGuid = {D918E603-968D-45F1-9044-7EA39D1A4E85}
	EndGlobalSection
EndGlobal
